#MicroXplorer Configuration settings - do not modify
Mcu.Family=STM32F4
RCC.PLLSourceVirtual=RCC_PLLSOURCE_HSE
TIM4.Channel-PWM\ Generation1\ CH1=TIM_CHANNEL_1
ProjectManager.MainLocation=Core/Src
SH.S_TIM4_CH1.ConfNb=1
SH.S_TIM4_CH2.ConfNb=1
ProjectManager.ProjectFileName=Seminar.ioc
RCC.CortexFreq_Value=84000000
ADC1.Rank-0\#ChannelRegularConversion=1
ProjectManager.KeepUserCode=true
Mcu.UserName=STM32F411VETx
Mcu.PinsNb=12
ADC1.ContinuousConvMode=ENABLE
ProjectManager.NoMain=false
ADC1.IPParameters=Rank-0\#ChannelRegularConversion,Channel-0\#ChannelRegularConversion,SamplingTime-0\#ChannelRegularConversion,NbrOfConversionFlag,master,Resolution,ContinuousConvMode,ScanConvMode
SH.S_TIM4_CH4.0=TIM4_CH4,PWM Generation4 CH4
SH.ADCx_IN2.0=ADC1_IN2,IN2
RCC.PLLCLKFreq_Value=84000000
RCC.PLLQCLKFreq_Value=84000000
ProjectManager.functionlistsort=1-MX_GPIO_Init-GPIO-false-HAL-true,2-SystemClock_Config-RCC-false-HAL-false,3-MX_ADC1_Init-ADC1-false-HAL-true,4-MX_TIM4_Init-TIM4-false-HAL-true
PH1\ -\ OSC_OUT.Mode=HSE-External-Oscillator
RCC.RTCFreq_Value=32000
ProjectManager.DefaultFWLocation=true
ProjectManager.DeletePrevious=true
SH.S_TIM4_CH4.ConfNb=1
RCC.APB1CLKDivider=RCC_HCLK_DIV2
PinOutPanel.RotationAngle=0
RCC.FamilyName=M
RCC.SYSCLKSource=RCC_SYSCLKSOURCE_PLLCLK
ProjectManager.StackSize=0x400
PA0-WKUP.Signal=ADCx_IN0
PA0-WKUP.Locked=true
PD12.Locked=true
PD13.Signal=S_TIM4_CH2
Mcu.IP4=TIM4
RCC.FCLKCortexFreq_Value=84000000
PD13.Locked=true
NVIC.SVCall_IRQn=true\:0\:0\:false\:false\:true\:false\:false
NVIC.ADC_IRQn=true\:0\:0\:false\:false\:true\:true\:true
Mcu.IP2=RCC
Mcu.IP3=SYS
Mcu.IP0=ADC1
Mcu.IP1=NVIC
PH0\ -\ OSC_IN.Mode=HSE-External-Oscillator
Mcu.UserConstants=
PH0\ -\ OSC_IN.Signal=RCC_OSC_IN
VP_TIM4_VS_ClockSourceINT.Signal=TIM4_VS_ClockSourceINT
ProjectManager.TargetToolchain=STM32CubeIDE
TIM4.IPParameters=Channel-PWM Generation1 CH1,Channel-PWM Generation2 CH2,Channel-PWM Generation3 CH3,Channel-PWM Generation4 CH4,Prescaler,Period
Mcu.ThirdPartyNb=0
SH.S_TIM4_CH3.0=TIM4_CH3,PWM Generation3 CH3
RCC.HCLKFreq_Value=84000000
SH.ADCx_IN3.0=ADC1_IN3,IN3
Mcu.IPNb=5
ADC1.Resolution=ADC_RESOLUTION_10B
RCC.I2SClocksFreq_Value=48000000
ProjectManager.PreviousToolchain=
RCC.APB2TimFreq_Value=84000000
RCC.VcooutputI2S=48000000
SH.ADCx_IN3.ConfNb=1
RCC.VCOInputMFreq_Value=500000
Mcu.Pin6=PD12
Mcu.Pin7=PD13
ProjectManager.RegisterCallBack=
Mcu.Pin8=PD14
Mcu.Pin9=PD15
TIM4.Prescaler=21
RCC.LSE_VALUE=32768
PA1.Signal=ADCx_IN1
RCC.AHBFreq_Value=84000000
Mcu.Pin0=PH0 - OSC_IN
Mcu.Pin1=PH1 - OSC_OUT
GPIO.groupedBy=Group By Peripherals
Mcu.Pin2=PA0-WKUP
Mcu.Pin3=PA1
Mcu.Pin4=PA2
SH.S_TIM4_CH3.ConfNb=1
RCC.VCOI2SOutputFreq_Value=96000000
Mcu.Pin5=PA3
ADC1.Channel-0\#ChannelRegularConversion=ADC_CHANNEL_0
ProjectManager.ProjectBuild=false
RCC.HSE_VALUE=8000000
TIM4.Channel-PWM\ Generation3\ CH3=TIM_CHANNEL_3
NVIC.UsageFault_IRQn=true\:0\:0\:false\:false\:true\:false\:false
NVIC.DebugMonitor_IRQn=true\:0\:0\:false\:false\:true\:false\:false
PH1\ -\ OSC_OUT.Signal=RCC_OSC_OUT
ADC1.ScanConvMode=ENABLE
board=custom
RCC.VCOOutputFreq_Value=336000000
NVIC.SysTick_IRQn=true\:0\:0\:false\:false\:true\:false\:true
ProjectManager.LastFirmware=true
ProjectManager.FirmwarePackage=STM32Cube FW_F4 V1.26.2
MxDb.Version=DB.6.0.20
TIM4.Channel-PWM\ Generation2\ CH2=TIM_CHANNEL_2
RCC.APB2Freq_Value=42000000
ProjectManager.BackupPrevious=false
MxCube.Version=6.2.0
RCC.VCOInputFreq_Value=1000000
SH.ADCx_IN0.ConfNb=1
SH.ADCx_IN1.ConfNb=1
SH.ADCx_IN2.ConfNb=1
File.Version=6
VP_SYS_VS_Systick.Mode=SysTick
RCC.EthernetFreq_Value=84000000
SH.S_TIM4_CH2.0=TIM4_CH2,PWM Generation2 CH2
NVIC.NonMaskableInt_IRQn=true\:0\:0\:false\:false\:true\:false\:false
SH.ADCx_IN0.0=ADC1_IN0,IN0
NVIC.PendSV_IRQn=true\:0\:0\:false\:false\:true\:false\:false
TIM4.Period=400
ProjectManager.FreePins=false
RCC.IPParameters=48MHZClocksFreq_Value,AHBFreq_Value,APB1CLKDivider,APB1Freq_Value,APB1TimFreq_Value,APB2CLKDivider,APB2Freq_Value,APB2TimFreq_Value,CortexFreq_Value,EthernetFreq_Value,FCLKCortexFreq_Value,FamilyName,HCLKFreq_Value,HSE_VALUE,HSI_VALUE,I2SClocksFreq_Value,LSE_VALUE,LSI_VALUE,MCO2PinFreq_Value,PLLCLKFreq_Value,PLLM,PLLN,PLLP,PLLQCLKFreq_Value,PLLSourceVirtual,RTCFreq_Value,RTCHSEDivFreq_Value,SYSCLKFreq_VALUE,SYSCLKSource,VCOI2SOutputFreq_Value,VCOInputFreq_Value,VCOInputMFreq_Value,VCOOutputFreq_Value,VcooutputI2S
ProjectManager.AskForMigrate=true
Mcu.Name=STM32F411V(C-E)Tx
ProjectManager.HalAssertFull=false
ADC1.SamplingTime-0\#ChannelRegularConversion=ADC_SAMPLETIME_84CYCLES
RCC.RTCHSEDivFreq_Value=4000000
PA2.Signal=ADCx_IN2
ProjectManager.ProjectName=Seminar
ProjectManager.UnderRoot=true
PD14.Signal=S_TIM4_CH3
ProjectManager.CoupleFile=false
RCC.48MHZClocksFreq_Value=84000000
RCC.MCO2PinFreq_Value=84000000
RCC.SYSCLKFreq_VALUE=84000000
Mcu.Package=LQFP100
PA1.Locked=true
ADC1.master=1
PA3.Locked=true
NVIC.ForceEnableDMAVector=true
KeepUserPlacement=false
PD12.Signal=S_TIM4_CH1
NVIC.MemoryManagement_IRQn=true\:0\:0\:false\:false\:true\:false\:false
ProjectManager.CompilerOptimize=6
ProjectManager.ToolChainLocation=
PD14.Locked=true
PD15.Locked=true
RCC.LSI_VALUE=32000
VP_SYS_VS_Systick.Signal=SYS_VS_Systick
ProjectManager.HeapSize=0x200
NVIC.HardFault_IRQn=true\:0\:0\:false\:false\:true\:false\:false
ProjectManager.ComputerToolchain=false
RCC.HSI_VALUE=16000000
VP_TIM4_VS_ClockSourceINT.Mode=Internal
RCC.PLLP=RCC_PLLP_DIV4
NVIC.PriorityGroup=NVIC_PRIORITYGROUP_4
ADC1.NbrOfConversionFlag=1
RCC.APB2CLKDivider=RCC_HCLK_DIV2
SH.ADCx_IN1.0=ADC1_IN1,IN1
Mcu.Pin11=VP_TIM4_VS_ClockSourceINT
RCC.PLLM=8
RCC.PLLN=336
Mcu.Pin10=VP_SYS_VS_Systick
SH.S_TIM4_CH1.0=TIM4_CH1,PWM Generation1 CH1
RCC.APB1TimFreq_Value=84000000
NVIC.BusFault_IRQn=true\:0\:0\:false\:false\:true\:false\:false
TIM4.Channel-PWM\ Generation4\ CH4=TIM_CHANNEL_4
RCC.APB1Freq_Value=42000000
PD15.Signal=S_TIM4_CH4
ProjectManager.CustomerFirmwarePackage=
ProjectManager.DeviceId=STM32F411VETx
ProjectManager.LibraryCopy=1
PA3.Signal=ADCx_IN3
PA2.Locked=true
isbadioc=false
